
Microsoft Visual Studio Solution File, Format Version 12.00
# Visual Studio Version 17
VisualStudioVersion = 17.9.34622.214
MinimumVisualStudioVersion = 10.0.40219.1
Project("{FAE04EC0-301F-11D3-BF4B-00C04F79EFBC}") = "WorkTimeCalculator", "WorkTimeCalculator\WorkTimeCalculator.csproj", "{61B2AA39-099F-4DE9-BAB6-2E7DD8FBCDAD}"
EndProject
Global
	GlobalSection(SolutionConfigurationPlatforms) = preSolution
		Debug|Any CPU = Debug|Any CPU
		Release|Any CPU = Release|Any CPU
	EndGlobalSection
	GlobalSection(ProjectConfigurationPlatforms) = postSolution
		{61B2AA39-099F-4DE9-BAB6-2E7DD8FBCDAD}.Debug|Any CPU.ActiveCfg = Debug|Any CPU
		{61B2AA39-099F-4DE9-BAB6-2E7DD8FBCDAD}.Debug|Any CPU.Build.0 = Debug|Any CPU
		{61B2AA39-099F-4DE9-BAB6-2E7DD8FBCDAD}.Release|Any CPU.ActiveCfg = Release|Any CPU
		{61B2AA39-099F-4DE9-BAB6-2E7DD8FBCDAD}.Release|Any CPU.Build.0 = Release|Any CPU
	EndGlobalSection
	GlobalSection(SolutionProperties) = preSolution
		HideSolutionNode = FALSE
	EndGlobalSection
	GlobalSection(ExtensibilityGlobals) = postSolution
		SolutionGuid = {792BADA5-7C8B-48E6-ADAA-071D84812154}
	EndGlobalSection
EndGlobal
